// !$*UTF8*$!
{
	archiveVersion = 1;
	classes = {
	};
	objectVersion = 51;
	objects = {

/* Begin PBXBuildFile section */
		DB165418193CD034F709BB4E /* Pods_PairProgramming.framework in Frameworks */ = {isa = PBXBuildFile; fileRef = D8A6D6812C13E66F23CC7EFB /* Pods_PairProgramming.framework */; };
		F7371DDF25CB197C00D27505 /* AppDelegate.swift in Sources */ = {isa = PBXBuildFile; fileRef = F7371DDE25CB197C00D27505 /* AppDelegate.swift */; };
		F7371DE125CB197C00D27505 /* SceneDelegate.swift in Sources */ = {isa = PBXBuildFile; fileRef = F7371DE025CB197C00D27505 /* SceneDelegate.swift */; };
		F7371DE325CB197C00D27505 /* ViewController.swift in Sources */ = {isa = PBXBuildFile; fileRef = F7371DE225CB197C00D27505 /* ViewController.swift */; };
		F7371DE625CB197C00D27505 /* Main.storyboard in Resources */ = {isa = PBXBuildFile; fileRef = F7371DE425CB197C00D27505 /* Main.storyboard */; };
		F7371DE825CB197E00D27505 /* Assets.xcassets in Resources */ = {isa = PBXBuildFile; fileRef = F7371DE725CB197E00D27505 /* Assets.xcassets */; };
		F7371DEB25CB197E00D27505 /* LaunchScreen.storyboard in Resources */ = {isa = PBXBuildFile; fileRef = F7371DE925CB197E00D27505 /* LaunchScreen.storyboard */; };
		F7371DF825CB1C4100D27505 /* ImagesCollectionView.swift in Sources */ = {isa = PBXBuildFile; fileRef = F7371DF725CB1C4100D27505 /* ImagesCollectionView.swift */; };
		F7371DFB25CB1D5D00D27505 /* ImageCell.swift in Sources */ = {isa = PBXBuildFile; fileRef = F7371DFA25CB1D5D00D27505 /* ImageCell.swift */; };
		F7371E0125CB1F1E00D27505 /* ImageCache.swift in Sources */ = {isa = PBXBuildFile; fileRef = F7371E0025CB1F1E00D27505 /* ImageCache.swift */; };
		F7371E1D25CB531F00D27505 /* Media.xcassets in Resources */ = {isa = PBXBuildFile; fileRef = F7371E1C25CB531F00D27505 /* Media.xcassets */; };
		F7371E2025CB548200D27505 /* ShadowButton.swift in Sources */ = {isa = PBXBuildFile; fileRef = F7371E1F25CB548200D27505 /* ShadowButton.swift */; };
/* End PBXBuildFile section */

/* Begin PBXFileReference section */
		5F8F38860E193C84878F83E6 /* Pods-PairProgramming.debug.xcconfig */ = {isa = PBXFileReference; includeInIndex = 1; lastKnownFileType = text.xcconfig; name = "Pods-PairProgramming.debug.xcconfig"; path = "Target Support Files/Pods-PairProgramming/Pods-PairProgramming.debug.xcconfig"; sourceTree = "<group>"; };
		D63C7D1AC79A89275A68229C /* Pods-PairProgramming.release.xcconfig */ = {isa = PBXFileReference; includeInIndex = 1; lastKnownFileType = text.xcconfig; name = "Pods-PairProgramming.release.xcconfig"; path = "Target Support Files/Pods-PairProgramming/Pods-PairProgramming.release.xcconfig"; sourceTree = "<group>"; };
		D8A6D6812C13E66F23CC7EFB /* Pods_PairProgramming.framework */ = {isa = PBXFileReference; explicitFileType = wrapper.framework; includeInIndex = 0; path = Pods_PairProgramming.framework; sourceTree = BUILT_PRODUCTS_DIR; };
		F7371DDB25CB197C00D27505 /* PairProgramming.app */ = {isa = PBXFileReference; explicitFileType = wrapper.application; includeInIndex = 0; path = PairProgramming.app; sourceTree = BUILT_PRODUCTS_DIR; };
		F7371DDE25CB197C00D27505 /* AppDelegate.swift */ = {isa = PBXFileReference; lastKnownFileType = sourcecode.swift; path = AppDelegate.swift; sourceTree = "<group>"; };
		F7371DE025CB197C00D27505 /* SceneDelegate.swift */ = {isa = PBXFileReference; lastKnownFileType = sourcecode.swift; path = SceneDelegate.swift; sourceTree = "<group>"; };
		F7371DE225CB197C00D27505 /* ViewController.swift */ = {isa = PBXFileReference; lastKnownFileType = sourcecode.swift; path = ViewController.swift; sourceTree = "<group>"; };
		F7371DE525CB197C00D27505 /* Base */ = {isa = PBXFileReference; lastKnownFileType = file.storyboard; name = Base; path = Base.lproj/Main.storyboard; sourceTree = "<group>"; };
		F7371DE725CB197E00D27505 /* Assets.xcassets */ = {isa = PBXFileReference; lastKnownFileType = folder.assetcatalog; path = Assets.xcassets; sourceTree = "<group>"; };
		F7371DEA25CB197E00D27505 /* Base */ = {isa = PBXFileReference; lastKnownFileType = file.storyboard; name = Base; path = Base.lproj/LaunchScreen.storyboard; sourceTree = "<group>"; };
		F7371DEC25CB197E00D27505 /* Info.plist */ = {isa = PBXFileReference; lastKnownFileType = text.plist.xml; path = Info.plist; sourceTree = "<group>"; };
		F7371DF725CB1C4100D27505 /* ImagesCollectionView.swift */ = {isa = PBXFileReference; lastKnownFileType = sourcecode.swift; path = ImagesCollectionView.swift; sourceTree = "<group>"; };
		F7371DFA25CB1D5D00D27505 /* ImageCell.swift */ = {isa = PBXFileReference; lastKnownFileType = sourcecode.swift; path = ImageCell.swift; sourceTree = "<group>"; };
		F7371E0025CB1F1E00D27505 /* ImageCache.swift */ = {isa = PBXFileReference; lastKnownFileType = sourcecode.swift; path = ImageCache.swift; sourceTree = "<group>"; };
		F7371E1C25CB531F00D27505 /* Media.xcassets */ = {isa = PBXFileReference; lastKnownFileType = folder.assetcatalog; path = Media.xcassets; sourceTree = "<group>"; };
		F7371E1F25CB548200D27505 /* ShadowButton.swift */ = {isa = PBXFileReference; lastKnownFileType = sourcecode.swift; path = ShadowButton.swift; sourceTree = "<group>"; };
/* End PBXFileReference section */

/* Begin PBXFrameworksBuildPhase section */
		F7371DD825CB197C00D27505 /* Frameworks */ = {
			isa = PBXFrameworksBuildPhase;
			buildActionMask = 2147483647;
			files = (
				DB165418193CD034F709BB4E /* Pods_PairProgramming.framework in Frameworks */,
			);
			runOnlyForDeploymentPostprocessing = 0;
		};
/* End PBXFrameworksBuildPhase section */

/* Begin PBXGroup section */
		DE6B50239147EB220DDF5D0D /* Pods */ = {
			isa = PBXGroup;
			children = (
				5F8F38860E193C84878F83E6 /* Pods-PairProgramming.debug.xcconfig */,
				D63C7D1AC79A89275A68229C /* Pods-PairProgramming.release.xcconfig */,
			);
			path = Pods;
			sourceTree = "<group>";
		};
		F037DA00E3FF4F1E96815F2B /* Frameworks */ = {
			isa = PBXGroup;
			children = (
				D8A6D6812C13E66F23CC7EFB /* Pods_PairProgramming.framework */,
			);
			name = Frameworks;
			sourceTree = "<group>";
		};
		F7371DD225CB197C00D27505 = {
			isa = PBXGroup;
			children = (
				F7371DDD25CB197C00D27505 /* PairProgramming */,
				F7371DDC25CB197C00D27505 /* Products */,
				DE6B50239147EB220DDF5D0D /* Pods */,
				F037DA00E3FF4F1E96815F2B /* Frameworks */,
			);
			sourceTree = "<group>";
		};
		F7371DDC25CB197C00D27505 /* Products */ = {
			isa = PBXGroup;
			children = (
				F7371DDB25CB197C00D27505 /* PairProgramming.app */,
			);
			name = Products;
			sourceTree = "<group>";
		};
		F7371DDD25CB197C00D27505 /* PairProgramming */ = {
			isa = PBXGroup;
			children = (
				F7371DDE25CB197C00D27505 /* AppDelegate.swift */,
				F7371DE025CB197C00D27505 /* SceneDelegate.swift */,
				F7371DE225CB197C00D27505 /* ViewController.swift */,
				F7371DE425CB197C00D27505 /* Main.storyboard */,
				F7371DE725CB197E00D27505 /* Assets.xcassets */,
				F7371DE925CB197E00D27505 /* LaunchScreen.storyboard */,
				F7371DEC25CB197E00D27505 /* Info.plist */,
				F7371DF725CB1C4100D27505 /* ImagesCollectionView.swift */,
				F7371DFA25CB1D5D00D27505 /* ImageCell.swift */,
				F7371E0025CB1F1E00D27505 /* ImageCache.swift */,
				F7371E1C25CB531F00D27505 /* Media.xcassets */,
				F7371E1F25CB548200D27505 /* ShadowButton.swift */,
			);
			path = PairProgramming;
			sourceTree = "<group>";
		};
/* End PBXGroup section */

/* Begin PBXNativeTarget section */
		F7371DDA25CB197C00D27505 /* PairProgramming */ = {
			isa = PBXNativeTarget;
			buildConfigurationList = F7371DEF25CB197E00D27505 /* Build configuration list for PBXNativeTarget "PairProgramming" */;
			buildPhases = (
				9E6B9EDFA6C6ECD440E1AA62 /* [CP] Check Pods Manifest.lock */,
				F7371DD725CB197C00D27505 /* Sources */,
				F7371DD825CB197C00D27505 /* Frameworks */,
				F7371DD925CB197C00D27505 /* Resources */,
				046A670FFA4D526A6B27A6DC /* [CP] Embed Pods Frameworks */,
			);
			buildRules = (
			);
			dependencies = (
			);
			name = PairProgramming;
			productName = PairProgramming;
			productReference = F7371DDB25CB197C00D27505 /* PairProgramming.app */;
			productType = "com.apple.product-type.application";
		};
/* End PBXNativeTarget section */

/* Begin PBXProject section */
		F7371DD325CB197C00D27505 /* Project object */ = {
			isa = PBXProject;
			attributes = {
				LastSwiftUpdateCheck = 1220;
				LastUpgradeCheck = 1220;
				TargetAttributes = {
					F7371DDA25CB197C00D27505 = {
						CreatedOnToolsVersion = 12.2;
					};
				};
			};
			buildConfigurationList = F7371DD625CB197C00D27505 /* Build configuration list for PBXProject "PairProgramming" */;
			compatibilityVersion = "Xcode 9.3";
			developmentRegion = en;
			hasScannedForEncodings = 0;
			knownRegions = (
				en,
				Base,
			);
			mainGroup = F7371DD225CB197C00D27505;
			productRefGroup = F7371DDC25CB197C00D27505 /* Products */;
			projectDirPath = "";
			projectRoot = "";
			targets = (
				F7371DDA25CB197C00D27505 /* PairProgramming */,
			);
		};
/* End PBXProject section */

/* Begin PBXResourcesBuildPhase section */
		F7371DD925CB197C00D27505 /* Resources */ = {
			isa = PBXResourcesBuildPhase;
			buildActionMask = 2147483647;
			files = (
				F7371E1D25CB531F00D27505 /* Media.xcassets in Resources */,
				F7371DEB25CB197E00D27505 /* LaunchScreen.storyboard in Resources */,
				F7371DE825CB197E00D27505 /* Assets.xcassets in Resources */,
				F7371DE625CB197C00D27505 /* Main.storyboard in Resources */,
			);
			runOnlyForDeploymentPostprocessing = 0;
		};
/* End PBXResourcesBuildPhase section */

/* Begin PBXShellScriptBuildPhase section */
		046A670FFA4D526A6B27A6DC /* [CP] Embed Pods Frameworks */ = {
			isa = PBXShellScriptBuildPhase;
			buildActionMask = 2147483647;
			files = (
			);
			inputFileListPaths = (
				"${PODS_ROOT}/Target Support Files/Pods-PairProgramming/Pods-PairProgramming-frameworks-${CONFIGURATION}-input-files.xcfilelist",
			);
			name = "[CP] Embed Pods Frameworks";
			outputFileListPaths = (
				"${PODS_ROOT}/Target Support Files/Pods-PairProgramming/Pods-PairProgramming-frameworks-${CONFIGURATION}-output-files.xcfilelist",
			);
			runOnlyForDeploymentPostprocessing = 0;
			shellPath = /bin/sh;
			shellScript = "\"${PODS_ROOT}/Target Support Files/Pods-PairProgramming/Pods-PairProgramming-frameworks.sh\"\n";
			showEnvVarsInLog = 0;
		};
		9E6B9EDFA6C6ECD440E1AA62 /* [CP] Check Pods Manifest.lock */ = {
			isa = PBXShellScriptBuildPhase;
			buildActionMask = 2147483647;
			files = (
			);
			inputFileListPaths = (
			);
			inputPaths = (
				"${PODS_PODFILE_DIR_PATH}/Podfile.lock",
				"${PODS_ROOT}/Manifest.lock",
			);
			name = "[CP] Check Pods Manifest.lock";
			outputFileListPaths = (
			);
			outputPaths = (
				"$(DERIVED_FILE_DIR)/Pods-PairProgramming-checkManifestLockResult.txt",
			);
			runOnlyForDeploymentPostprocessing = 0;
			shellPath = /bin/sh;
			shellScript = "diff \"${PODS_PODFILE_DIR_PATH}/Podfile.lock\" \"${PODS_ROOT}/Manifest.lock\" > /dev/null\nif [ $? != 0 ] ; then\n    # print error to STDERR\n    echo \"error: The sandbox is not in sync with the Podfile.lock. Run 'pod install' or update your CocoaPods installation.\" >&2\n    exit 1\nfi\n# This output is used by Xcode 'outputs' to avoid re-running this script phase.\necho \"SUCCESS\" > \"${SCRIPT_OUTPUT_FILE_0}\"\n";
			showEnvVarsInLog = 0;
		};
/* End PBXShellScriptBuildPhase section */

/* Begin PBXSourcesBuildPhase section */
		F7371DD725CB197C00D27505 /* Sources */ = {
			isa = PBXSourcesBuildPhase;
			buildActionMask = 2147483647;
			files = (
				F7371E0125CB1F1E00D27505 /* ImageCache.swift in Sources */,
				F7371DE325CB197C00D27505 /* ViewController.swift in Sources */,
				F7371DDF25CB197C00D27505 /* AppDelegate.swift in Sources */,
				F7371DF825CB1C4100D27505 /* ImagesCollectionView.swift in Sources */,
				F7371DE125CB197C00D27505 /* SceneDelegate.swift in Sources */,
				F7371DFB25CB1D5D00D27505 /* ImageCell.swift in Sources */,
				F7371E2025CB548200D27505 /* ShadowButton.swift in Sources */,
			);
			runOnlyForDeploymentPostprocessing = 0;
		};
/* End PBXSourcesBuildPhase section */

/* Begin PBXVariantGroup section */
		F7371DE425CB197C00D27505 /* Main.storyboard */ = {
			isa = PBXVariantGroup;
			children = (
				F7371DE525CB197C00D27505 /* Base */,
			);
			name = Main.storyboard;
			sourceTree = "<group>";
		};
		F7371DE925CB197E00D27505 /* LaunchScreen.storyboard */ = {
			isa = PBXVariantGroup;
			children = (
				F7371DEA25CB197E00D27505 /* Base */,
			);
			name = LaunchScreen.storyboard;
			sourceTree = "<group>";
		};
/* End PBXVariantGroup section */

/* Begin XCBuildConfiguration section */
		F7371DED25CB197E00D27505 /* Debug */ = {
			isa = XCBuildConfiguration;
			buildSettings = {
				ALWAYS_SEARCH_USER_PATHS = NO;
				CLANG_ANALYZER_NONNULL = YES;
				CLANG_ANALYZER_NUMBER_OBJECT_CONVERSION = YES_AGGRESSIVE;
				CLANG_CXX_LANGUAGE_STANDARD = "gnu++14";
				CLANG_CXX_LIBRARY = "libc++";
				CLANG_ENABLE_MODULES = YES;
				CLANG_ENABLE_OBJC_ARC = YES;
				CLANG_ENABLE_OBJC_WEAK = YES;
				CLANG_WARN_BLOCK_CAPTURE_AUTORELEASING = YES;
				CLANG_WARN_BOOL_CONVERSION = YES;
				CLANG_WARN_COMMA = YES;
				CLANG_WARN_CONSTANT_CONVERSION = YES;
				CLANG_WARN_DEPRECATED_OBJC_IMPLEMENTATIONS = YES;
				CLANG_WARN_DIRECT_OBJC_ISA_USAGE = YES_ERROR;
				CLANG_WARN_DOCUMENTATION_COMMENTS = YES;
				CLANG_WARN_EMPTY_BODY = YES;
				CLANG_WARN_ENUM_CONVERSION = YES;
				CLANG_WARN_INFINITE_RECURSION = YES;
				CLANG_WARN_INT_CONVERSION = YES;
				CLANG_WARN_NON_LITERAL_NULL_CONVERSION = YES;
				CLANG_WARN_OBJC_IMPLICIT_RETAIN_SELF = YES;
				CLANG_WARN_OBJC_LITERAL_CONVERSION = YES;
				CLANG_WARN_OBJC_ROOT_CLASS = YES_ERROR;
				CLANG_WARN_QUOTED_INCLUDE_IN_FRAMEWORK_HEADER = YES;
				CLANG_WARN_RANGE_LOOP_ANALYSIS = YES;
				CLANG_WARN_STRICT_PROTOTYPES = YES;
				CLANG_WARN_SUSPICIOUS_MOVE = YES;
				CLANG_WARN_UNGUARDED_AVAILABILITY = YES_AGGRESSIVE;
				CLANG_WARN_UNREACHABLE_CODE = YES;
				CLANG_WARN__DUPLICATE_METHOD_MATCH = YES;
				COPY_PHASE_STRIP = NO;
				DEBUG_INFORMATION_FORMAT = dwarf;
				ENABLE_STRICT_OBJC_MSGSEND = YES;
				ENABLE_TESTABILITY = YES;
				GCC_C_LANGUAGE_STANDARD = gnu11;
				GCC_DYNAMIC_NO_PIC = NO;
				GCC_NO_COMMON_BLOCKS = YES;
				GCC_OPTIMIZATION_LEVEL = 0;
				GCC_PREPROCESSOR_DEFINITIONS = (
					"DEBUG=1",
					"$(inherited)",
				);
				GCC_WARN_64_TO_32_BIT_CONVERSION = YES;
				GCC_WARN_ABOUT_RETURN_TYPE = YES_ERROR;
				GCC_WARN_UNDECLARED_SELECTOR = YES;
				GCC_WARN_UNINITIALIZED_AUTOS = YES_AGGRESSIVE;
				GCC_WARN_UNUSED_FUNCTION = YES;
				GCC_WARN_UNUSED_VARIABLE = YES;
				IPHONEOS_DEPLOYMENT_TARGET = 14.2;
				MTL_ENABLE_DEBUG_INFO = INCLUDE_SOURCE;
				MTL_FAST_MATH = YES;
				ONLY_ACTIVE_ARCH = YES;
				SDKROOT = iphoneos;
				SWIFT_ACTIVE_COMPILATION_CONDITIONS = DEBUG;
				SWIFT_OPTIMIZATION_LEVEL = "-Onone";
			};
			name = Debug;
		};
		F7371DEE25CB197E00D27505 /* Release */ = {
			isa = XCBuildConfiguration;
			buildSettings = {
				ALWAYS_SEARCH_USER_PATHS = NO;
				CLANG_ANALYZER_NONNULL = YES;
				CLANG_ANALYZER_NUMBER_OBJECT_CONVERSION = YES_AGGRESSIVE;
				CLANG_CXX_LANGUAGE_STANDARD = "gnu++14";
				CLANG_CXX_LIBRARY = "libc++";
				CLANG_ENABLE_MODULES = YES;
				CLANG_ENABLE_OBJC_ARC = YES;
				CLANG_ENABLE_OBJC_WEAK = YES;
				CLANG_WARN_BLOCK_CAPTURE_AUTORELEASING = YES;
				CLANG_WARN_BOOL_CONVERSION = YES;
				CLANG_WARN_COMMA = YES;
				CLANG_WARN_CONSTANT_CONVERSION = YES;
				CLANG_WARN_DEPRECATED_OBJC_IMPLEMENTATIONS = YES;
				CLANG_WARN_DIRECT_OBJC_ISA_USAGE = YES_ERROR;
				CLANG_WARN_DOCUMENTATION_COMMENTS = YES;
				CLANG_WARN_EMPTY_BODY = YES;
				CLANG_WARN_ENUM_CONVERSION = YES;
				CLANG_WARN_INFINITE_RECURSION = YES;
				CLANG_WARN_INT_CONVERSION = YES;
				CLANG_WARN_NON_LITERAL_NULL_CONVERSION = YES;
				CLANG_WARN_OBJC_IMPLICIT_RETAIN_SELF = YES;
				CLANG_WARN_OBJC_LITERAL_CONVERSION = YES;
				CLANG_WARN_OBJC_ROOT_CLASS = YES_ERROR;
				CLANG_WARN_QUOTED_INCLUDE_IN_FRAMEWORK_HEADER = YES;
				CLANG_WARN_RANGE_LOOP_ANALYSIS = YES;
				CLANG_WARN_STRICT_PROTOTYPES = YES;
				CLANG_WARN_SUSPICIOUS_MOVE = YES;
				CLANG_WARN_UNGUARDED_AVAILABILITY = YES_AGGRESSIVE;
				CLANG_WARN_UNREACHABLE_CODE = YES;
				CLANG_WARN__DUPLICATE_METHOD_MATCH = YES;
				COPY_PHASE_STRIP = NO;
				DEBUG_INFORMATION_FORMAT = "dwarf-with-dsym";
				ENABLE_NS_ASSERTIONS = NO;
				ENABLE_STRICT_OBJC_MSGSEND = YES;
				GCC_C_LANGUAGE_STANDARD = gnu11;
				GCC_NO_COMMON_BLOCKS = YES;
				GCC_WARN_64_TO_32_BIT_CONVERSION = YES;
				GCC_WARN_ABOUT_RETURN_TYPE = YES_ERROR;
				GCC_WARN_UNDECLARED_SELECTOR = YES;
				GCC_WARN_UNINITIALIZED_AUTOS = YES_AGGRESSIVE;
				GCC_WARN_UNUSED_FUNCTION = YES;
				GCC_WARN_UNUSED_VARIABLE = YES;
				IPHONEOS_DEPLOYMENT_TARGET = 14.2;
				MTL_ENABLE_DEBUG_INFO = NO;
				MTL_FAST_MATH = YES;
				SDKROOT = iphoneos;
				SWIFT_COMPILATION_MODE = wholemodule;
				SWIFT_OPTIMIZATION_LEVEL = "-O";
				VALIDATE_PRODUCT = YES;
			};
			name = Release;
		};
		F7371DF025CB197E00D27505 /* Debug */ = {
			isa = XCBuildConfiguration;
			baseConfigurationReference = 5F8F38860E193C84878F83E6 /* Pods-PairProgramming.debug.xcconfig */;
			buildSettings = {
				ASSETCATALOG_COMPILER_APPICON_NAME = AppIcon;
				ASSETCATALOG_COMPILER_GLOBAL_ACCENT_COLOR_NAME = AccentColor;
				CODE_SIGN_STYLE = Automatic;
				DEVELOPMENT_TEAM = "";
				INFOPLIST_FILE = PairProgramming/Info.plist;
				LD_RUNPATH_SEARCH_PATHS = (
					"$(inherited)",
					"@executable_path/Frameworks",
				);
				PRODUCT_BUNDLE_IDENTIFIER = com.verkada.PairProgramming;
				PRODUCT_NAME = "$(TARGET_NAME)";
				SWIFT_VERSION = 5.0;
				TARGETED_DEVICE_FAMILY = "1,2";
			};
			name = Debug;
		};
		F7371DF125CB197E00D27505 /* Release */ = {
			isa = XCBuildConfiguration;
			baseConfigurationReference = D63C7D1AC79A89275A68229C /* Pods-PairProgramming.release.xcconfig */;
			buildSettings = {
				ASSETCATALOG_COMPILER_APPICON_NAME = AppIcon;
				ASSETCATALOG_COMPILER_GLOBAL_ACCENT_COLOR_NAME = AccentColor;
				CODE_SIGN_STYLE = Automatic;
				DEVELOPMENT_TEAM = "";
				INFOPLIST_FILE = PairProgramming/Info.plist;
				LD_RUNPATH_SEARCH_PATHS = (
					"$(inherited)",
					"@executable_path/Frameworks",
				);
				PRODUCT_BUNDLE_IDENTIFIER = com.verkada.PairProgramming;
				PRODUCT_NAME = "$(TARGET_NAME)";
				SWIFT_VERSION = 5.0;
				TARGETED_DEVICE_FAMILY = "1,2";
			};
			name = Release;
		};
/* End XCBuildConfiguration section */

/* Begin XCConfigurationList section */
		F7371DD625CB197C00D27505 /* Build configuration list for PBXProject "PairProgramming" */ = {
			isa = XCConfigurationList;
			buildConfigurations = (
				F7371DED25CB197E00D27505 /* Debug */,
				F7371DEE25CB197E00D27505 /* Release */,
			);
			defaultConfigurationIsVisible = 0;
			defaultConfigurationName = Release;
		};
		F7371DEF25CB197E00D27505 /* Build configuration list for PBXNativeTarget "PairProgramming" */ = {
			isa = XCConfigurationList;
			buildConfigurations = (
				F7371DF025CB197E00D27505 /* Debug */,
				F7371DF125CB197E00D27505 /* Release */,
			);
			defaultConfigurationIsVisible = 0;
			defaultConfigurationName = Release;
		};
/* End XCConfigurationList section */
	};
	rootObject = F7371DD325CB197C00D27505 /* Project object */;
}
